
Microsoft Visual Studio Solution File, Format Version 12.00
# Visual Studio Version 16
VisualStudioVersion = 16.0.33214.272
MinimumVisualStudioVersion = 10.0.40219.1
Project("{F184B08F-C81C-45F6-A57F-5ABD9991F28F}") = "MidtermAss", "MidtermAss.vbproj", "{A8F6CC42-3DE4-4CAE-A006-CEFF696DCDFA}"
EndProject
Global
	GlobalSection(SolutionConfigurationPlatforms) = preSolution
		Debug|Any CPU = Debug|Any CPU
		Release|Any CPU = Release|Any CPU
	EndGlobalSection
	GlobalSection(ProjectConfigurationPlatforms) = postSolution
		{A8F6CC42-3DE4-4CAE-A006-CEFF696DCDFA}.Debug|Any CPU.ActiveCfg = Debug|Any CPU
		{A8F6CC42-3DE4-4CAE-A006-CEFF696DCDFA}.Debug|Any CPU.Build.0 = Debug|Any CPU
		{A8F6CC42-3DE4-4CAE-A006-CEFF696DCDFA}.Release|Any CPU.ActiveCfg = Release|Any CPU
		{A8F6CC42-3DE4-4CAE-A006-CEFF696DCDFA}.Release|Any CPU.Build.0 = Release|Any CPU
	EndGlobalSection
	GlobalSection(SolutionProperties) = preSolution
		HideSolutionNode = FALSE
	EndGlobalSection
	GlobalSection(ExtensibilityGlobals) = postSolution
		SolutionGuid = {2E38AFF5-DA01-416C-B5F5-29CE277DC30F}
	EndGlobalSection
EndGlobal
